
Microsoft Visual Studio Solution File, Format Version 12.00
# Visual Studio Version 17
VisualStudioVersion = 17.4.33213.308
MinimumVisualStudioVersion = 10.0.40219.1
Project("{FAE04EC0-301F-11D3-BF4B-00C04F79EFBC}") = "StoreManagementProject", "StoreManagementProject.csproj", "{B6D9E9D7-BC57-4323-A12A-4F6FB2F87547}"
EndProject
Global
	GlobalSection(SolutionConfigurationPlatforms) = preSolution
		Debug|Any CPU = Debug|Any CPU
		Release|Any CPU = Release|Any CPU
	EndGlobalSection
	GlobalSection(ProjectConfigurationPlatforms) = postSolution
		{B6D9E9D7-BC57-4323-A12A-4F6FB2F87547}.Debug|Any CPU.ActiveCfg = Debug|Any CPU
		{B6D9E9D7-BC57-4323-A12A-4F6FB2F87547}.Debug|Any CPU.Build.0 = Debug|Any CPU
		{B6D9E9D7-BC57-4323-A12A-4F6FB2F87547}.Release|Any CPU.ActiveCfg = Release|Any CPU
		{B6D9E9D7-BC57-4323-A12A-4F6FB2F87547}.Release|Any CPU.Build.0 = Release|Any CPU
	EndGlobalSection
	GlobalSection(SolutionProperties) = preSolution
		HideSolutionNode = FALSE
	EndGlobalSection
	GlobalSection(ExtensibilityGlobals) = postSolution
		SolutionGuid = {D82AC652-38AF-4459-BF4D-11327F4A1BF8}
	EndGlobalSection
EndGlobal
